// !$*UTF8*$!
{
	archiveVersion = 1;
	classes = {
	};
	objectVersion = 56;
	objects = {

/* Begin PBXBuildFile section */
		1E5593472C53800B00C78466 /* WidgetKit.framework in Frameworks */ = {isa = PBXBuildFile; fileRef = 1E5593462C53800B00C78466 /* WidgetKit.framework */; };
		1E5593492C53800B00C78466 /* SwiftUI.framework in Frameworks */ = {isa = PBXBuildFile; fileRef = 1E5593482C53800B00C78466 /* SwiftUI.framework */; };
		1E55934C2C53800B00C78466 /* MoonCrystalWidgetExtentionBundle.swift in Sources */ = {isa = PBXBuildFile; fileRef = 1E55934B2C53800B00C78466 /* MoonCrystalWidgetExtentionBundle.swift */; };
		1E55934E2C53800B00C78466 /* MoonCrystalWidgetExtentionLiveActivity.swift in Sources */ = {isa = PBXBuildFile; fileRef = 1E55934D2C53800B00C78466 /* MoonCrystalWidgetExtentionLiveActivity.swift */; };
		1E5593542C53800C00C78466 /* Assets.xcassets in Resources */ = {isa = PBXBuildFile; fileRef = 1E5593532C53800C00C78466 /* Assets.xcassets */; };
		1E5593582C53800C00C78466 /* MoonCrystalWidgetExtentionExtension.appex in Embed Foundation Extensions */ = {isa = PBXBuildFile; fileRef = 1E5593442C53800B00C78466 /* MoonCrystalWidgetExtentionExtension.appex */; settings = {ATTRIBUTES = (RemoveHeadersOnCopy, ); }; };
		1E5593612C53823400C78466 /* DynamicCapacityAttributes.swift in Sources */ = {isa = PBXBuildFile; fileRef = 1E5593602C53823400C78466 /* DynamicCapacityAttributes.swift */; };
		1E5593622C53823400C78466 /* DynamicCapacityAttributes.swift in Sources */ = {isa = PBXBuildFile; fileRef = 1E5593602C53823400C78466 /* DynamicCapacityAttributes.swift */; };
		1E5593642C5382F200C78466 /* LiveActivityManager.swift in Sources */ = {isa = PBXBuildFile; fileRef = 1E5593632C5382F200C78466 /* LiveActivityManager.swift */; };
		1E5593652C5382F200C78466 /* LiveActivityManager.swift in Sources */ = {isa = PBXBuildFile; fileRef = 1E5593632C5382F200C78466 /* LiveActivityManager.swift */; };
		1E5593692C53888E00C78466 /* MoonCrystalWidgetExtentionLiveActivity.swift in Sources */ = {isa = PBXBuildFile; fileRef = 1E55934D2C53800B00C78466 /* MoonCrystalWidgetExtentionLiveActivity.swift */; };
		26C965C92C5241F8000257EA /* MoonCrystalApp.swift in Sources */ = {isa = PBXBuildFile; fileRef = 26C965C82C5241F8000257EA /* MoonCrystalApp.swift */; };
		26C965CB2C5241F8000257EA /* ContentView.swift in Sources */ = {isa = PBXBuildFile; fileRef = 26C965CA2C5241F8000257EA /* ContentView.swift */; };
		26C965CD2C5241F9000257EA /* Assets.xcassets in Resources */ = {isa = PBXBuildFile; fileRef = 26C965CC2C5241F9000257EA /* Assets.xcassets */; };
		26C965D02C5241F9000257EA /* Preview Assets.xcassets in Resources */ = {isa = PBXBuildFile; fileRef = 26C965CF2C5241F9000257EA /* Preview Assets.xcassets */; };
/* End PBXBuildFile section */

/* Begin PBXContainerItemProxy section */
		1E5593562C53800C00C78466 /* PBXContainerItemProxy */ = {
			isa = PBXContainerItemProxy;
			containerPortal = 26C965BD2C5241F8000257EA /* Project object */;
			proxyType = 1;
			remoteGlobalIDString = 1E5593432C53800B00C78466;
			remoteInfo = MoonCrystalWidgetExtentionExtension;
		};
/* End PBXContainerItemProxy section */

/* Begin PBXCopyFilesBuildPhase section */
		1E5593592C53800C00C78466 /* Embed Foundation Extensions */ = {
			isa = PBXCopyFilesBuildPhase;
			buildActionMask = 2147483647;
			dstPath = "";
			dstSubfolderSpec = 13;
			files = (
				1E5593582C53800C00C78466 /* MoonCrystalWidgetExtentionExtension.appex in Embed Foundation Extensions */,
			);
			name = "Embed Foundation Extensions";
			runOnlyForDeploymentPostprocessing = 0;
		};
/* End PBXCopyFilesBuildPhase section */

/* Begin PBXFileReference section */
		1E5593442C53800B00C78466 /* MoonCrystalWidgetExtentionExtension.appex */ = {isa = PBXFileReference; explicitFileType = "wrapper.app-extension"; includeInIndex = 0; path = MoonCrystalWidgetExtentionExtension.appex; sourceTree = BUILT_PRODUCTS_DIR; };
		1E5593462C53800B00C78466 /* WidgetKit.framework */ = {isa = PBXFileReference; lastKnownFileType = wrapper.framework; name = WidgetKit.framework; path = System/Library/Frameworks/WidgetKit.framework; sourceTree = SDKROOT; };
		1E5593482C53800B00C78466 /* SwiftUI.framework */ = {isa = PBXFileReference; lastKnownFileType = wrapper.framework; name = SwiftUI.framework; path = System/Library/Frameworks/SwiftUI.framework; sourceTree = SDKROOT; };
		1E55934B2C53800B00C78466 /* MoonCrystalWidgetExtentionBundle.swift */ = {isa = PBXFileReference; lastKnownFileType = sourcecode.swift; path = MoonCrystalWidgetExtentionBundle.swift; sourceTree = "<group>"; };
		1E55934D2C53800B00C78466 /* MoonCrystalWidgetExtentionLiveActivity.swift */ = {isa = PBXFileReference; lastKnownFileType = sourcecode.swift; path = MoonCrystalWidgetExtentionLiveActivity.swift; sourceTree = "<group>"; };
		1E5593532C53800C00C78466 /* Assets.xcassets */ = {isa = PBXFileReference; lastKnownFileType = folder.assetcatalog; path = Assets.xcassets; sourceTree = "<group>"; };
		1E5593552C53800C00C78466 /* Info.plist */ = {isa = PBXFileReference; lastKnownFileType = text.plist.xml; path = Info.plist; sourceTree = "<group>"; };
		1E5593602C53823400C78466 /* DynamicCapacityAttributes.swift */ = {isa = PBXFileReference; lastKnownFileType = sourcecode.swift; path = DynamicCapacityAttributes.swift; sourceTree = "<group>"; };
		1E5593632C5382F200C78466 /* LiveActivityManager.swift */ = {isa = PBXFileReference; lastKnownFileType = sourcecode.swift; path = LiveActivityManager.swift; sourceTree = "<group>"; };
		26C965C52C5241F8000257EA /* MoonCrystal.app */ = {isa = PBXFileReference; explicitFileType = wrapper.application; includeInIndex = 0; path = MoonCrystal.app; sourceTree = BUILT_PRODUCTS_DIR; };
		26C965C82C5241F8000257EA /* MoonCrystalApp.swift */ = {isa = PBXFileReference; lastKnownFileType = sourcecode.swift; path = MoonCrystalApp.swift; sourceTree = "<group>"; };
		26C965CA2C5241F8000257EA /* ContentView.swift */ = {isa = PBXFileReference; lastKnownFileType = sourcecode.swift; path = ContentView.swift; sourceTree = "<group>"; };
		26C965CC2C5241F9000257EA /* Assets.xcassets */ = {isa = PBXFileReference; lastKnownFileType = folder.assetcatalog; path = Assets.xcassets; sourceTree = "<group>"; };
		26C965CF2C5241F9000257EA /* Preview Assets.xcassets */ = {isa = PBXFileReference; lastKnownFileType = folder.assetcatalog; path = "Preview Assets.xcassets"; sourceTree = "<group>"; };
/* End PBXFileReference section */

/* Begin PBXFrameworksBuildPhase section */
		1E5593412C53800B00C78466 /* Frameworks */ = {
			isa = PBXFrameworksBuildPhase;
			buildActionMask = 2147483647;
			files = (
				1E5593492C53800B00C78466 /* SwiftUI.framework in Frameworks */,
				1E5593472C53800B00C78466 /* WidgetKit.framework in Frameworks */,
			);
			runOnlyForDeploymentPostprocessing = 0;
		};
		26C965C22C5241F8000257EA /* Frameworks */ = {
			isa = PBXFrameworksBuildPhase;
			buildActionMask = 2147483647;
			files = (
			);
			runOnlyForDeploymentPostprocessing = 0;
		};
/* End PBXFrameworksBuildPhase section */

/* Begin PBXGroup section */
		1E5593452C53800B00C78466 /* Frameworks */ = {
			isa = PBXGroup;
			children = (
				1E5593462C53800B00C78466 /* WidgetKit.framework */,
				1E5593482C53800B00C78466 /* SwiftUI.framework */,
			);
			name = Frameworks;
			sourceTree = "<group>";
		};
		1E55934A2C53800B00C78466 /* MoonCrystalWidgetExtention */ = {
			isa = PBXGroup;
			children = (
				1E55934B2C53800B00C78466 /* MoonCrystalWidgetExtentionBundle.swift */,
				1E55934D2C53800B00C78466 /* MoonCrystalWidgetExtentionLiveActivity.swift */,
				1E5593532C53800C00C78466 /* Assets.xcassets */,
				1E5593552C53800C00C78466 /* Info.plist */,
			);
			path = MoonCrystalWidgetExtention;
			sourceTree = "<group>";
		};
		26C965BC2C5241F8000257EA = {
			isa = PBXGroup;
			children = (
				26C965C72C5241F8000257EA /* MoonCrystal */,
				1E55934A2C53800B00C78466 /* MoonCrystalWidgetExtention */,
				1E5593452C53800B00C78466 /* Frameworks */,
				26C965C62C5241F8000257EA /* Products */,
			);
			sourceTree = "<group>";
		};
		26C965C62C5241F8000257EA /* Products */ = {
			isa = PBXGroup;
			children = (
				26C965C52C5241F8000257EA /* MoonCrystal.app */,
				1E5593442C53800B00C78466 /* MoonCrystalWidgetExtentionExtension.appex */,
			);
			name = Products;
			sourceTree = "<group>";
		};
		26C965C72C5241F8000257EA /* MoonCrystal */ = {
			isa = PBXGroup;
			children = (
				26C965C82C5241F8000257EA /* MoonCrystalApp.swift */,
				26C965CA2C5241F8000257EA /* ContentView.swift */,
				1E5593632C5382F200C78466 /* LiveActivityManager.swift */,
				1E5593602C53823400C78466 /* DynamicCapacityAttributes.swift */,
				26C965CC2C5241F9000257EA /* Assets.xcassets */,
				26C965CE2C5241F9000257EA /* Preview Content */,
			);
			path = MoonCrystal;
			sourceTree = "<group>";
		};
		26C965CE2C5241F9000257EA /* Preview Content */ = {
			isa = PBXGroup;
			children = (
				26C965CF2C5241F9000257EA /* Preview Assets.xcassets */,
			);
			path = "Preview Content";
			sourceTree = "<group>";
		};
/* End PBXGroup section */

/* Begin PBXNativeTarget section */
		1E5593432C53800B00C78466 /* MoonCrystalWidgetExtentionExtension */ = {
			isa = PBXNativeTarget;
			buildConfigurationList = 1E55935C2C53800C00C78466 /* Build configuration list for PBXNativeTarget "MoonCrystalWidgetExtentionExtension" */;
			buildPhases = (
				1E5593402C53800B00C78466 /* Sources */,
				1E5593412C53800B00C78466 /* Frameworks */,
				1E5593422C53800B00C78466 /* Resources */,
			);
			buildRules = (
			);
			dependencies = (
			);
			name = MoonCrystalWidgetExtentionExtension;
			productName = MoonCrystalWidgetExtentionExtension;
			productReference = 1E5593442C53800B00C78466 /* MoonCrystalWidgetExtentionExtension.appex */;
			productType = "com.apple.product-type.app-extension";
		};
		26C965C42C5241F8000257EA /* MoonCrystal */ = {
			isa = PBXNativeTarget;
			buildConfigurationList = 26C965D32C5241F9000257EA /* Build configuration list for PBXNativeTarget "MoonCrystal" */;
			buildPhases = (
				26C965C12C5241F8000257EA /* Sources */,
				26C965C22C5241F8000257EA /* Frameworks */,
				26C965C32C5241F8000257EA /* Resources */,
				1E5593592C53800C00C78466 /* Embed Foundation Extensions */,
			);
			buildRules = (
			);
			dependencies = (
				1E5593572C53800C00C78466 /* PBXTargetDependency */,
			);
			name = MoonCrystal;
			productName = MoonCrystal;
			productReference = 26C965C52C5241F8000257EA /* MoonCrystal.app */;
			productType = "com.apple.product-type.application";
		};
/* End PBXNativeTarget section */

/* Begin PBXProject section */
		26C965BD2C5241F8000257EA /* Project object */ = {
			isa = PBXProject;
			attributes = {
				BuildIndependentTargetsInParallel = 1;
				LastSwiftUpdateCheck = 1540;
				LastUpgradeCheck = 1520;
				TargetAttributes = {
					1E5593432C53800B00C78466 = {
						CreatedOnToolsVersion = 15.4;
					};
					26C965C42C5241F8000257EA = {
						CreatedOnToolsVersion = 15.2;
					};
				};
			};
			buildConfigurationList = 26C965C02C5241F8000257EA /* Build configuration list for PBXProject "MoonCrystal" */;
			compatibilityVersion = "Xcode 14.0";
			developmentRegion = en;
			hasScannedForEncodings = 0;
			knownRegions = (
				en,
				Base,
			);
			mainGroup = 26C965BC2C5241F8000257EA;
			productRefGroup = 26C965C62C5241F8000257EA /* Products */;
			projectDirPath = "";
			projectRoot = "";
			targets = (
				26C965C42C5241F8000257EA /* MoonCrystal */,
				1E5593432C53800B00C78466 /* MoonCrystalWidgetExtentionExtension */,
			);
		};
/* End PBXProject section */

/* Begin PBXResourcesBuildPhase section */
		1E5593422C53800B00C78466 /* Resources */ = {
			isa = PBXResourcesBuildPhase;
			buildActionMask = 2147483647;
			files = (
				1E5593542C53800C00C78466 /* Assets.xcassets in Resources */,
			);
			runOnlyForDeploymentPostprocessing = 0;
		};
		26C965C32C5241F8000257EA /* Resources */ = {
			isa = PBXResourcesBuildPhase;
			buildActionMask = 2147483647;
			files = (
				26C965D02C5241F9000257EA /* Preview Assets.xcassets in Resources */,
				26C965CD2C5241F9000257EA /* Assets.xcassets in Resources */,
			);
			runOnlyForDeploymentPostprocessing = 0;
		};
/* End PBXResourcesBuildPhase section */

/* Begin PBXSourcesBuildPhase section */
		1E5593402C53800B00C78466 /* Sources */ = {
			isa = PBXSourcesBuildPhase;
			buildActionMask = 2147483647;
			files = (
				1E5593622C53823400C78466 /* DynamicCapacityAttributes.swift in Sources */,
				1E55934C2C53800B00C78466 /* MoonCrystalWidgetExtentionBundle.swift in Sources */,
				1E5593652C5382F200C78466 /* LiveActivityManager.swift in Sources */,
				1E55934E2C53800B00C78466 /* MoonCrystalWidgetExtentionLiveActivity.swift in Sources */,
			);
			runOnlyForDeploymentPostprocessing = 0;
		};
		26C965C12C5241F8000257EA /* Sources */ = {
			isa = PBXSourcesBuildPhase;
			buildActionMask = 2147483647;
			files = (
				1E5593612C53823400C78466 /* DynamicCapacityAttributes.swift in Sources */,
				26C965CB2C5241F8000257EA /* ContentView.swift in Sources */,
				26C965C92C5241F8000257EA /* MoonCrystalApp.swift in Sources */,
				1E5593642C5382F200C78466 /* LiveActivityManager.swift in Sources */,
				1E5593692C53888E00C78466 /* MoonCrystalWidgetExtentionLiveActivity.swift in Sources */,
			);
			runOnlyForDeploymentPostprocessing = 0;
		};
/* End PBXSourcesBuildPhase section */

/* Begin PBXTargetDependency section */
		1E5593572C53800C00C78466 /* PBXTargetDependency */ = {
			isa = PBXTargetDependency;
			target = 1E5593432C53800B00C78466 /* MoonCrystalWidgetExtentionExtension */;
			targetProxy = 1E5593562C53800C00C78466 /* PBXContainerItemProxy */;
		};
/* End PBXTargetDependency section */

/* Begin XCBuildConfiguration section */
		1E55935A2C53800C00C78466 /* Debug */ = {
			isa = XCBuildConfiguration;
			buildSettings = {
				ASSETCATALOG_COMPILER_GLOBAL_ACCENT_COLOR_NAME = AccentColor;
				ASSETCATALOG_COMPILER_WIDGET_BACKGROUND_COLOR_NAME = WidgetBackground;
				CODE_SIGN_STYLE = Automatic;
				CURRENT_PROJECT_VERSION = 1;
				DEVELOPMENT_TEAM = "";
				GENERATE_INFOPLIST_FILE = YES;
				INFOPLIST_FILE = MoonCrystalWidgetExtention/Info.plist;
				INFOPLIST_KEY_CFBundleDisplayName = MoonCrystalWidgetExtention;
				INFOPLIST_KEY_NSHumanReadableCopyright = "";
				INFOPLIST_KEY_NSSupportsLiveActivitiesFrequentUpdates = YES;
				IPHONEOS_DEPLOYMENT_TARGET = 17.5;
				LD_RUNPATH_SEARCH_PATHS = (
					"$(inherited)",
					"@executable_path/Frameworks",
					"@executable_path/../../Frameworks",
				);
				MARKETING_VERSION = 1.0;
				PRODUCT_BUNDLE_IDENTIFIER = com.Horang.MoonCrystal.MoonCrystalWidgetExtention;
				PRODUCT_NAME = "$(TARGET_NAME)";
				SKIP_INSTALL = YES;
				SWIFT_EMIT_LOC_STRINGS = YES;
				SWIFT_VERSION = 5.0;
				TARGETED_DEVICE_FAMILY = "1,2";
			};
			name = Debug;
		};
		1E55935B2C53800C00C78466 /* Release */ = {
			isa = XCBuildConfiguration;
			buildSettings = {
				ASSETCATALOG_COMPILER_GLOBAL_ACCENT_COLOR_NAME = AccentColor;
				ASSETCATALOG_COMPILER_WIDGET_BACKGROUND_COLOR_NAME = WidgetBackground;
				CODE_SIGN_STYLE = Automatic;
				CURRENT_PROJECT_VERSION = 1;
				DEVELOPMENT_TEAM = "";
				GENERATE_INFOPLIST_FILE = YES;
				INFOPLIST_FILE = MoonCrystalWidgetExtention/Info.plist;
				INFOPLIST_KEY_CFBundleDisplayName = MoonCrystalWidgetExtention;
				INFOPLIST_KEY_NSHumanReadableCopyright = "";
				INFOPLIST_KEY_NSSupportsLiveActivitiesFrequentUpdates = YES;
				IPHONEOS_DEPLOYMENT_TARGET = 17.5;
				LD_RUNPATH_SEARCH_PATHS = (
					"$(inherited)",
					"@executable_path/Frameworks",
					"@executable_path/../../Frameworks",
				);
				MARKETING_VERSION = 1.0;
				PRODUCT_BUNDLE_IDENTIFIER = com.Horang.MoonCrystal.MoonCrystalWidgetExtention;
				PRODUCT_NAME = "$(TARGET_NAME)";
				SKIP_INSTALL = YES;
				SWIFT_EMIT_LOC_STRINGS = YES;
				SWIFT_VERSION = 5.0;
				TARGETED_DEVICE_FAMILY = "1,2";
			};
			name = Release;
		};
		26C965D12C5241F9000257EA /* Debug */ = {
			isa = XCBuildConfiguration;
			buildSettings = {
				ALWAYS_SEARCH_USER_PATHS = NO;
				ASSETCATALOG_COMPILER_GENERATE_SWIFT_ASSET_SYMBOL_EXTENSIONS = YES;
				CLANG_ANALYZER_NONNULL = YES;
				CLANG_ANALYZER_NUMBER_OBJECT_CONVERSION = YES_AGGRESSIVE;
				CLANG_CXX_LANGUAGE_STANDARD = "gnu++20";
				CLANG_ENABLE_MODULES = YES;
				CLANG_ENABLE_OBJC_ARC = YES;
				CLANG_ENABLE_OBJC_WEAK = YES;
				CLANG_WARN_BLOCK_CAPTURE_AUTORELEASING = YES;
				CLANG_WARN_BOOL_CONVERSION = YES;
				CLANG_WARN_COMMA = YES;
				CLANG_WARN_CONSTANT_CONVERSION = YES;
				CLANG_WARN_DEPRECATED_OBJC_IMPLEMENTATIONS = YES;
				CLANG_WARN_DIRECT_OBJC_ISA_USAGE = YES_ERROR;
				CLANG_WARN_DOCUMENTATION_COMMENTS = YES;
				CLANG_WARN_EMPTY_BODY = YES;
				CLANG_WARN_ENUM_CONVERSION = YES;
				CLANG_WARN_INFINITE_RECURSION = YES;
				CLANG_WARN_INT_CONVERSION = YES;
				CLANG_WARN_NON_LITERAL_NULL_CONVERSION = YES;
				CLANG_WARN_OBJC_IMPLICIT_RETAIN_SELF = YES;
				CLANG_WARN_OBJC_LITERAL_CONVERSION = YES;
				CLANG_WARN_OBJC_ROOT_CLASS = YES_ERROR;
				CLANG_WARN_QUOTED_INCLUDE_IN_FRAMEWORK_HEADER = YES;
				CLANG_WARN_RANGE_LOOP_ANALYSIS = YES;
				CLANG_WARN_STRICT_PROTOTYPES = YES;
				CLANG_WARN_SUSPICIOUS_MOVE = YES;
				CLANG_WARN_UNGUARDED_AVAILABILITY = YES_AGGRESSIVE;
				CLANG_WARN_UNREACHABLE_CODE = YES;
				CLANG_WARN__DUPLICATE_METHOD_MATCH = YES;
				COPY_PHASE_STRIP = NO;
				DEBUG_INFORMATION_FORMAT = dwarf;
				ENABLE_STRICT_OBJC_MSGSEND = YES;
				ENABLE_TESTABILITY = YES;
				ENABLE_USER_SCRIPT_SANDBOXING = YES;
				GCC_C_LANGUAGE_STANDARD = gnu17;
				GCC_DYNAMIC_NO_PIC = NO;
				GCC_NO_COMMON_BLOCKS = YES;
				GCC_OPTIMIZATION_LEVEL = 0;
				GCC_PREPROCESSOR_DEFINITIONS = (
					"DEBUG=1",
					"$(inherited)",
				);
				GCC_WARN_64_TO_32_BIT_CONVERSION = YES;
				GCC_WARN_ABOUT_RETURN_TYPE = YES_ERROR;
				GCC_WARN_UNDECLARED_SELECTOR = YES;
				GCC_WARN_UNINITIALIZED_AUTOS = YES_AGGRESSIVE;
				GCC_WARN_UNUSED_FUNCTION = YES;
				GCC_WARN_UNUSED_VARIABLE = YES;
				IPHONEOS_DEPLOYMENT_TARGET = 17.2;
				LOCALIZATION_PREFERS_STRING_CATALOGS = YES;
				MTL_ENABLE_DEBUG_INFO = INCLUDE_SOURCE;
				MTL_FAST_MATH = YES;
				ONLY_ACTIVE_ARCH = YES;
				SDKROOT = iphoneos;
				SWIFT_ACTIVE_COMPILATION_CONDITIONS = "DEBUG $(inherited)";
				SWIFT_OPTIMIZATION_LEVEL = "-Onone";
			};
			name = Debug;
		};
		26C965D22C5241F9000257EA /* Release */ = {
			isa = XCBuildConfiguration;
			buildSettings = {
				ALWAYS_SEARCH_USER_PATHS = NO;
				ASSETCATALOG_COMPILER_GENERATE_SWIFT_ASSET_SYMBOL_EXTENSIONS = YES;
				CLANG_ANALYZER_NONNULL = YES;
				CLANG_ANALYZER_NUMBER_OBJECT_CONVERSION = YES_AGGRESSIVE;
				CLANG_CXX_LANGUAGE_STANDARD = "gnu++20";
				CLANG_ENABLE_MODULES = YES;
				CLANG_ENABLE_OBJC_ARC = YES;
				CLANG_ENABLE_OBJC_WEAK = YES;
				CLANG_WARN_BLOCK_CAPTURE_AUTORELEASING = YES;
				CLANG_WARN_BOOL_CONVERSION = YES;
				CLANG_WARN_COMMA = YES;
				CLANG_WARN_CONSTANT_CONVERSION = YES;
				CLANG_WARN_DEPRECATED_OBJC_IMPLEMENTATIONS = YES;
				CLANG_WARN_DIRECT_OBJC_ISA_USAGE = YES_ERROR;
				CLANG_WARN_DOCUMENTATION_COMMENTS = YES;
				CLANG_WARN_EMPTY_BODY = YES;
				CLANG_WARN_ENUM_CONVERSION = YES;
				CLANG_WARN_INFINITE_RECURSION = YES;
				CLANG_WARN_INT_CONVERSION = YES;
				CLANG_WARN_NON_LITERAL_NULL_CONVERSION = YES;
				CLANG_WARN_OBJC_IMPLICIT_RETAIN_SELF = YES;
				CLANG_WARN_OBJC_LITERAL_CONVERSION = YES;
				CLANG_WARN_OBJC_ROOT_CLASS = YES_ERROR;
				CLANG_WARN_QUOTED_INCLUDE_IN_FRAMEWORK_HEADER = YES;
				CLANG_WARN_RANGE_LOOP_ANALYSIS = YES;
				CLANG_WARN_STRICT_PROTOTYPES = YES;
				CLANG_WARN_SUSPICIOUS_MOVE = YES;
				CLANG_WARN_UNGUARDED_AVAILABILITY = YES_AGGRESSIVE;
				CLANG_WARN_UNREACHABLE_CODE = YES;
				CLANG_WARN__DUPLICATE_METHOD_MATCH = YES;
				COPY_PHASE_STRIP = NO;
				DEBUG_INFORMATION_FORMAT = "dwarf-with-dsym";
				ENABLE_NS_ASSERTIONS = NO;
				ENABLE_STRICT_OBJC_MSGSEND = YES;
				ENABLE_USER_SCRIPT_SANDBOXING = YES;
				GCC_C_LANGUAGE_STANDARD = gnu17;
				GCC_NO_COMMON_BLOCKS = YES;
				GCC_WARN_64_TO_32_BIT_CONVERSION = YES;
				GCC_WARN_ABOUT_RETURN_TYPE = YES_ERROR;
				GCC_WARN_UNDECLARED_SELECTOR = YES;
				GCC_WARN_UNINITIALIZED_AUTOS = YES_AGGRESSIVE;
				GCC_WARN_UNUSED_FUNCTION = YES;
				GCC_WARN_UNUSED_VARIABLE = YES;
				IPHONEOS_DEPLOYMENT_TARGET = 17.2;
				LOCALIZATION_PREFERS_STRING_CATALOGS = YES;
				MTL_ENABLE_DEBUG_INFO = NO;
				MTL_FAST_MATH = YES;
				SDKROOT = iphoneos;
				SWIFT_COMPILATION_MODE = wholemodule;
				VALIDATE_PRODUCT = YES;
			};
			name = Release;
		};
		26C965D42C5241F9000257EA /* Debug */ = {
			isa = XCBuildConfiguration;
			buildSettings = {
				ALWAYS_EMBED_SWIFT_STANDARD_LIBRARIES = YES;
				ASSETCATALOG_COMPILER_APPICON_NAME = AppIcon;
				ASSETCATALOG_COMPILER_GLOBAL_ACCENT_COLOR_NAME = AccentColor;
				CODE_SIGN_STYLE = Automatic;
				CURRENT_PROJECT_VERSION = 1;
				DEVELOPMENT_ASSET_PATHS = "\"MoonCrystal/Preview Content\"";
				DEVELOPMENT_TEAM = "";
				ENABLE_PREVIEWS = YES;
				GENERATE_INFOPLIST_FILE = YES;
				INFOPLIST_KEY_NSSupportsLiveActivities = YES;
				INFOPLIST_KEY_UIApplicationSceneManifest_Generation = YES;
				INFOPLIST_KEY_UIApplicationSupportsIndirectInputEvents = YES;
				INFOPLIST_KEY_UILaunchScreen_Generation = YES;
				INFOPLIST_KEY_UISupportedInterfaceOrientations = UIInterfaceOrientationPortrait;
				INFOPLIST_KEY_UISupportedInterfaceOrientations_iPad = "UIInterfaceOrientationLandscapeLeft UIInterfaceOrientationLandscapeRight UIInterfaceOrientationPortrait UIInterfaceOrientationPortraitUpsideDown";
				IPHONEOS_DEPLOYMENT_TARGET = 17.2;
				LD_RUNPATH_SEARCH_PATHS = (
					"$(inherited)",
					"@executable_path/Frameworks",
				);
				MARKETING_VERSION = 1.0;
				PRODUCT_BUNDLE_IDENTIFIER = com.Horang.MoonCrystal;
				PRODUCT_NAME = "$(TARGET_NAME)";
				SUPPORTED_PLATFORMS = "iphoneos iphonesimulator";
				SUPPORTS_MACCATALYST = NO;
				SUPPORTS_MAC_DESIGNED_FOR_IPHONE_IPAD = NO;
				SUPPORTS_XR_DESIGNED_FOR_IPHONE_IPAD = NO;
				SWIFT_EMIT_LOC_STRINGS = YES;
				SWIFT_VERSION = 5.0;
				TARGETED_DEVICE_FAMILY = 1;
			};
			name = Debug;
		};
		26C965D52C5241F9000257EA /* Release */ = {
			isa = XCBuildConfiguration;
			buildSettings = {
				ALWAYS_EMBED_SWIFT_STANDARD_LIBRARIES = YES;
				ASSETCATALOG_COMPILER_APPICON_NAME = AppIcon;
				ASSETCATALOG_COMPILER_GLOBAL_ACCENT_COLOR_NAME = AccentColor;
				CODE_SIGN_STYLE = Automatic;
				CURRENT_PROJECT_VERSION = 1;
				DEVELOPMENT_ASSET_PATHS = "\"MoonCrystal/Preview Content\"";
				DEVELOPMENT_TEAM = "";
				ENABLE_PREVIEWS = YES;
				GENERATE_INFOPLIST_FILE = YES;
				INFOPLIST_KEY_NSSupportsLiveActivities = YES;
				INFOPLIST_KEY_UIApplicationSceneManifest_Generation = YES;
				INFOPLIST_KEY_UIApplicationSupportsIndirectInputEvents = YES;
				INFOPLIST_KEY_UILaunchScreen_Generation = YES;
				INFOPLIST_KEY_UISupportedInterfaceOrientations = UIInterfaceOrientationPortrait;
				INFOPLIST_KEY_UISupportedInterfaceOrientations_iPad = "UIInterfaceOrientationLandscapeLeft UIInterfaceOrientationLandscapeRight UIInterfaceOrientationPortrait UIInterfaceOrientationPortraitUpsideDown";
				IPHONEOS_DEPLOYMENT_TARGET = 17.2;
				LD_RUNPATH_SEARCH_PATHS = (
					"$(inherited)",
					"@executable_path/Frameworks",
				);
				MARKETING_VERSION = 1.0;
				PRODUCT_BUNDLE_IDENTIFIER = com.Horang.MoonCrystal;
				PRODUCT_NAME = "$(TARGET_NAME)";
				SUPPORTED_PLATFORMS = "iphoneos iphonesimulator";
				SUPPORTS_MACCATALYST = NO;
				SUPPORTS_MAC_DESIGNED_FOR_IPHONE_IPAD = NO;
				SUPPORTS_XR_DESIGNED_FOR_IPHONE_IPAD = NO;
				SWIFT_EMIT_LOC_STRINGS = YES;
				SWIFT_VERSION = 5.0;
				TARGETED_DEVICE_FAMILY = 1;
			};
			name = Release;
		};
/* End XCBuildConfiguration section */

/* Begin XCConfigurationList section */
		1E55935C2C53800C00C78466 /* Build configuration list for PBXNativeTarget "MoonCrystalWidgetExtentionExtension" */ = {
			isa = XCConfigurationList;
			buildConfigurations = (
				1E55935A2C53800C00C78466 /* Debug */,
				1E55935B2C53800C00C78466 /* Release */,
			);
			defaultConfigurationIsVisible = 0;
			defaultConfigurationName = Release;
		};
		26C965C02C5241F8000257EA /* Build configuration list for PBXProject "MoonCrystal" */ = {
			isa = XCConfigurationList;
			buildConfigurations = (
				26C965D12C5241F9000257EA /* Debug */,
				26C965D22C5241F9000257EA /* Release */,
			);
			defaultConfigurationIsVisible = 0;
			defaultConfigurationName = Release;
		};
		26C965D32C5241F9000257EA /* Build configuration list for PBXNativeTarget "MoonCrystal" */ = {
			isa = XCConfigurationList;
			buildConfigurations = (
				26C965D42C5241F9000257EA /* Debug */,
				26C965D52C5241F9000257EA /* Release */,
			);
			defaultConfigurationIsVisible = 0;
			defaultConfigurationName = Release;
		};
/* End XCConfigurationList section */
	};
	rootObject = 26C965BD2C5241F8000257EA /* Project object */;
}
